// !$*UTF8*$!
{
	archiveVersion = 1;
	classes = {
	};
	objectVersion = 46;
	objects = {

/* Begin PBXBuildFile section */
		8ABA69E41D5318230030ACDE /* main.m in Sources */ = {isa = PBXBuildFile; fileRef = 8ABA69E31D5318230030ACDE /* main.m */; };
		8ABA69E71D5318230030ACDE /* AppDelegate.m in Sources */ = {isa = PBXBuildFile; fileRef = 8ABA69E61D5318230030ACDE /* AppDelegate.m */; };
		8ABA69EA1D5318230030ACDE /* ViewController.m in Sources */ = {isa = PBXBuildFile; fileRef = 8ABA69E91D5318230030ACDE /* ViewController.m */; };
		8ABA69ED1D5318230030ACDE /* Main.storyboard in Resources */ = {isa = PBXBuildFile; fileRef = 8ABA69EB1D5318230030ACDE /* Main.storyboard */; };
		8ABA69EF1D5318230030ACDE /* Assets.xcassets in Resources */ = {isa = PBXBuildFile; fileRef = 8ABA69EE1D5318230030ACDE /* Assets.xcassets */; };
		8ABA69F21D5318230030ACDE /* LaunchScreen.storyboard in Resources */ = {isa = PBXBuildFile; fileRef = 8ABA69F01D5318230030ACDE /* LaunchScreen.storyboard */; };
		8ABA69FD1D5318230030ACDE /* ____Tests.m in Sources */ = {isa = PBXBuildFile; fileRef = 8ABA69FC1D5318230030ACDE /* ____Tests.m */; };
		8ABA6A081D5318230030ACDE /* ____UITests.m in Sources */ = {isa = PBXBuildFile; fileRef = 8ABA6A071D5318230030ACDE /* ____UITests.m */; };
/* End PBXBuildFile section */

/* Begin PBXContainerItemProxy section */
		8ABA69F91D5318230030ACDE /* PBXContainerItemProxy */ = {
			isa = PBXContainerItemProxy;
			containerPortal = 8ABA69D71D5318230030ACDE /* Project object */;
			proxyType = 1;
			remoteGlobalIDString = 8ABA69DE1D5318230030ACDE;
			remoteInfo = "指纹解锁";
		};
		8ABA6A041D5318230030ACDE /* PBXContainerItemProxy */ = {
			isa = PBXContainerItemProxy;
			containerPortal = 8ABA69D71D5318230030ACDE /* Project object */;
			proxyType = 1;
			remoteGlobalIDString = 8ABA69DE1D5318230030ACDE;
			remoteInfo = "指纹解锁";
		};
/* End PBXContainerItemProxy section */

/* Begin PBXFileReference section */
		8ABA69DF1D5318230030ACDE /* 指纹解锁.app */ = {isa = PBXFileReference; explicitFileType = wrapper.application; includeInIndex = 0; path = "指纹解锁.app"; sourceTree = BUILT_PRODUCTS_DIR; };
		8ABA69E31D5318230030ACDE /* main.m */ = {isa = PBXFileReference; lastKnownFileType = sourcecode.c.objc; path = main.m; sourceTree = "<group>"; };
		8ABA69E51D5318230030ACDE /* AppDelegate.h */ = {isa = PBXFileReference; lastKnownFileType = sourcecode.c.h; path = AppDelegate.h; sourceTree = "<group>"; };
		8ABA69E61D5318230030ACDE /* AppDelegate.m */ = {isa = PBXFileReference; lastKnownFileType = sourcecode.c.objc; path = AppDelegate.m; sourceTree = "<group>"; };
		8ABA69E81D5318230030ACDE /* ViewController.h */ = {isa = PBXFileReference; lastKnownFileType = sourcecode.c.h; path = ViewController.h; sourceTree = "<group>"; };
		8ABA69E91D5318230030ACDE /* ViewController.m */ = {isa = PBXFileReference; lastKnownFileType = sourcecode.c.objc; path = ViewController.m; sourceTree = "<group>"; };
		8ABA69EC1D5318230030ACDE /* Base */ = {isa = PBXFileReference; lastKnownFileType = file.storyboard; name = Base; path = Base.lproj/Main.storyboard; sourceTree = "<group>"; };
		8ABA69EE1D5318230030ACDE /* Assets.xcassets */ = {isa = PBXFileReference; lastKnownFileType = folder.assetcatalog; path = Assets.xcassets; sourceTree = "<group>"; };
		8ABA69F11D5318230030ACDE /* Base */ = {isa = PBXFileReference; lastKnownFileType = file.storyboard; name = Base; path = Base.lproj/LaunchScreen.storyboard; sourceTree = "<group>"; };
		8ABA69F31D5318230030ACDE /* Info.plist */ = {isa = PBXFileReference; lastKnownFileType = text.plist.xml; path = Info.plist; sourceTree = "<group>"; };
		8ABA69F81D5318230030ACDE /* 指纹解锁Tests.xctest */ = {isa = PBXFileReference; explicitFileType = wrapper.cfbundle; includeInIndex = 0; path = "指纹解锁Tests.xctest"; sourceTree = BUILT_PRODUCTS_DIR; };
		8ABA69FC1D5318230030ACDE /* ____Tests.m */ = {isa = PBXFileReference; lastKnownFileType = sourcecode.c.objc; path = "____Tests.m"; sourceTree = "<group>"; };
		8ABA69FE1D5318230030ACDE /* Info.plist */ = {isa = PBXFileReference; lastKnownFileType = text.plist.xml; path = Info.plist; sourceTree = "<group>"; };
		8ABA6A031D5318230030ACDE /* 指纹解锁UITests.xctest */ = {isa = PBXFileReference; explicitFileType = wrapper.cfbundle; includeInIndex = 0; path = "指纹解锁UITests.xctest"; sourceTree = BUILT_PRODUCTS_DIR; };
		8ABA6A071D5318230030ACDE /* ____UITests.m */ = {isa = PBXFileReference; lastKnownFileType = sourcecode.c.objc; path = "____UITests.m"; sourceTree = "<group>"; };
		8ABA6A091D5318230030ACDE /* Info.plist */ = {isa = PBXFileReference; lastKnownFileType = text.plist.xml; path = Info.plist; sourceTree = "<group>"; };
/* End PBXFileReference section */

/* Begin PBXFrameworksBuildPhase section */
		8ABA69DC1D5318230030ACDE /* Frameworks */ = {
			isa = PBXFrameworksBuildPhase;
			buildActionMask = 2147483647;
			files = (
			);
			runOnlyForDeploymentPostprocessing = 0;
		};
		8ABA69F51D5318230030ACDE /* Frameworks */ = {
			isa = PBXFrameworksBuildPhase;
			buildActionMask = 2147483647;
			files = (
			);
			runOnlyForDeploymentPostprocessing = 0;
		};
		8ABA6A001D5318230030ACDE /* Frameworks */ = {
			isa = PBXFrameworksBuildPhase;
			buildActionMask = 2147483647;
			files = (
			);
			runOnlyForDeploymentPostprocessing = 0;
		};
/* End PBXFrameworksBuildPhase section */

/* Begin PBXGroup section */
		8ABA69D61D5318230030ACDE = {
			isa = PBXGroup;
			children = (
				8ABA69E11D5318230030ACDE /* 指纹解锁 */,
				8ABA69FB1D5318230030ACDE /* 指纹解锁Tests */,
				8ABA6A061D5318230030ACDE /* 指纹解锁UITests */,
				8ABA69E01D5318230030ACDE /* Products */,
			);
			sourceTree = "<group>";
		};
		8ABA69E01D5318230030ACDE /* Products */ = {
			isa = PBXGroup;
			children = (
				8ABA69DF1D5318230030ACDE /* 指纹解锁.app */,
				8ABA69F81D5318230030ACDE /* 指纹解锁Tests.xctest */,
				8ABA6A031D5318230030ACDE /* 指纹解锁UITests.xctest */,
			);
			name = Products;
			sourceTree = "<group>";
		};
		8ABA69E11D5318230030ACDE /* 指纹解锁 */ = {
			isa = PBXGroup;
			children = (
				8ABA69E51D5318230030ACDE /* AppDelegate.h */,
				8ABA69E61D5318230030ACDE /* AppDelegate.m */,
				8ABA69E81D5318230030ACDE /* ViewController.h */,
				8ABA69E91D5318230030ACDE /* ViewController.m */,
				8ABA69EB1D5318230030ACDE /* Main.storyboard */,
				8ABA69EE1D5318230030ACDE /* Assets.xcassets */,
				8ABA69F01D5318230030ACDE /* LaunchScreen.storyboard */,
				8ABA69F31D5318230030ACDE /* Info.plist */,
				8ABA69E21D5318230030ACDE /* Supporting Files */,
			);
			path = "指纹解锁";
			sourceTree = "<group>";
		};
		8ABA69E21D5318230030ACDE /* Supporting Files */ = {
			isa = PBXGroup;
			children = (
				8ABA69E31D5318230030ACDE /* main.m */,
			);
			name = "Supporting Files";
			sourceTree = "<group>";
		};
		8ABA69FB1D5318230030ACDE /* 指纹解锁Tests */ = {
			isa = PBXGroup;
			children = (
				8ABA69FC1D5318230030ACDE /* ____Tests.m */,
				8ABA69FE1D5318230030ACDE /* Info.plist */,
			);
			path = "指纹解锁Tests";
			sourceTree = "<group>";
		};
		8ABA6A061D5318230030ACDE /* 指纹解锁UITests */ = {
			isa = PBXGroup;
			children = (
				8ABA6A071D5318230030ACDE /* ____UITests.m */,
				8ABA6A091D5318230030ACDE /* Info.plist */,
			);
			path = "指纹解锁UITests";
			sourceTree = "<group>";
		};
/* End PBXGroup section */

/* Begin PBXNativeTarget section */
		8ABA69DE1D5318230030ACDE /* 指纹解锁 */ = {
			isa = PBXNativeTarget;
			buildConfigurationList = 8ABA6A0C1D5318230030ACDE /* Build configuration list for PBXNativeTarget "指纹解锁" */;
			buildPhases = (
				8ABA69DB1D5318230030ACDE /* Sources */,
				8ABA69DC1D5318230030ACDE /* Frameworks */,
				8ABA69DD1D5318230030ACDE /* Resources */,
			);
			buildRules = (
			);
			dependencies = (
			);
			name = "指纹解锁";
			productName = "指纹解锁";
			productReference = 8ABA69DF1D5318230030ACDE /* 指纹解锁.app */;
			productType = "com.apple.product-type.application";
		};
		8ABA69F71D5318230030ACDE /* 指纹解锁Tests */ = {
			isa = PBXNativeTarget;
			buildConfigurationList = 8ABA6A0F1D5318230030ACDE /* Build configuration list for PBXNativeTarget "指纹解锁Tests" */;
			buildPhases = (
				8ABA69F41D5318230030ACDE /* Sources */,
				8ABA69F51D5318230030ACDE /* Frameworks */,
				8ABA69F61D5318230030ACDE /* Resources */,
			);
			buildRules = (
			);
			dependencies = (
				8ABA69FA1D5318230030ACDE /* PBXTargetDependency */,
			);
			name = "指纹解锁Tests";
			productName = "指纹解锁Tests";
			productReference = 8ABA69F81D5318230030ACDE /* 指纹解锁Tests.xctest */;
			productType = "com.apple.product-type.bundle.unit-test";
		};
		8ABA6A021D5318230030ACDE /* 指纹解锁UITests */ = {
			isa = PBXNativeTarget;
			buildConfigurationList = 8ABA6A121D5318230030ACDE /* Build configuration list for PBXNativeTarget "指纹解锁UITests" */;
			buildPhases = (
				8ABA69FF1D5318230030ACDE /* Sources */,
				8ABA6A001D5318230030ACDE /* Frameworks */,
				8ABA6A011D5318230030ACDE /* Resources */,
			);
			buildRules = (
			);
			dependencies = (
				8ABA6A051D5318230030ACDE /* PBXTargetDependency */,
			);
			name = "指纹解锁UITests";
			productName = "指纹解锁UITests";
			productReference = 8ABA6A031D5318230030ACDE /* 指纹解锁UITests.xctest */;
			productType = "com.apple.product-type.bundle.ui-testing";
		};
/* End PBXNativeTarget section */

/* Begin PBXProject section */
		8ABA69D71D5318230030ACDE /* Project object */ = {
			isa = PBXProject;
			attributes = {
				LastUpgradeCheck = 0730;
				ORGANIZATIONNAME = taobaichi;
				TargetAttributes = {
					8ABA69DE1D5318230030ACDE = {
						CreatedOnToolsVersion = 7.3;
					};
					8ABA69F71D5318230030ACDE = {
						CreatedOnToolsVersion = 7.3;
						TestTargetID = 8ABA69DE1D5318230030ACDE;
					};
					8ABA6A021D5318230030ACDE = {
						CreatedOnToolsVersion = 7.3;
						TestTargetID = 8ABA69DE1D5318230030ACDE;
					};
				};
			};
			buildConfigurationList = 8ABA69DA1D5318230030ACDE /* Build configuration list for PBXProject "指纹解锁" */;
			compatibilityVersion = "Xcode 3.2";
			developmentRegion = English;
			hasScannedForEncodings = 0;
			knownRegions = (
				en,
				Base,
			);
			mainGroup = 8ABA69D61D5318230030ACDE;
			productRefGroup = 8ABA69E01D5318230030ACDE /* Products */;
			projectDirPath = "";
			projectRoot = "";
			targets = (
				8ABA69DE1D5318230030ACDE /* 指纹解锁 */,
				8ABA69F71D5318230030ACDE /* 指纹解锁Tests */,
				8ABA6A021D5318230030ACDE /* 指纹解锁UITests */,
			);
		};
/* End PBXProject section */

/* Begin PBXResourcesBuildPhase section */
		8ABA69DD1D5318230030ACDE /* Resources */ = {
			isa = PBXResourcesBuildPhase;
			buildActionMask = 2147483647;
			files = (
				8ABA69F21D5318230030ACDE /* LaunchScreen.storyboard in Resources */,
				8ABA69EF1D5318230030ACDE /* Assets.xcassets in Resources */,
				8ABA69ED1D5318230030ACDE /* Main.storyboard in Resources */,
			);
			runOnlyForDeploymentPostprocessing = 0;
		};
		8ABA69F61D5318230030ACDE /* Resources */ = {
			isa = PBXResourcesBuildPhase;
			buildActionMask = 2147483647;
			files = (
			);
			runOnlyForDeploymentPostprocessing = 0;
		};
		8ABA6A011D5318230030ACDE /* Resources */ = {
			isa = PBXResourcesBuildPhase;
			buildActionMask = 2147483647;
			files = (
			);
			runOnlyForDeploymentPostprocessing = 0;
		};
/* End PBXResourcesBuildPhase section */

/* Begin PBXSourcesBuildPhase section */
		8ABA69DB1D5318230030ACDE /* Sources */ = {
			isa = PBXSourcesBuildPhase;
			buildActionMask = 2147483647;
			files = (
				8ABA69EA1D5318230030ACDE /* ViewController.m in Sources */,
				8ABA69E71D5318230030ACDE /* AppDelegate.m in Sources */,
				8ABA69E41D5318230030ACDE /* main.m in Sources */,
			);
			runOnlyForDeploymentPostprocessing = 0;
		};
		8ABA69F41D5318230030ACDE /* Sources */ = {
			isa = PBXSourcesBuildPhase;
			buildActionMask = 2147483647;
			files = (
				8ABA69FD1D5318230030ACDE /* ____Tests.m in Sources */,
			);
			runOnlyForDeploymentPostprocessing = 0;
		};
		8ABA69FF1D5318230030ACDE /* Sources */ = {
			isa = PBXSourcesBuildPhase;
			buildActionMask = 2147483647;
			files = (
				8ABA6A081D5318230030ACDE /* ____UITests.m in Sources */,
			);
			runOnlyForDeploymentPostprocessing = 0;
		};
/* End PBXSourcesBuildPhase section */

/* Begin PBXTargetDependency section */
		8ABA69FA1D5318230030ACDE /* PBXTargetDependency */ = {
			isa = PBXTargetDependency;
			target = 8ABA69DE1D5318230030ACDE /* 指纹解锁 */;
			targetProxy = 8ABA69F91D5318230030ACDE /* PBXContainerItemProxy */;
		};
		8ABA6A051D5318230030ACDE /* PBXTargetDependency */ = {
			isa = PBXTargetDependency;
			target = 8ABA69DE1D5318230030ACDE /* 指纹解锁 */;
			targetProxy = 8ABA6A041D5318230030ACDE /* PBXContainerItemProxy */;
		};
/* End PBXTargetDependency section */

/* Begin PBXVariantGroup section */
		8ABA69EB1D5318230030ACDE /* Main.storyboard */ = {
			isa = PBXVariantGroup;
			children = (
				8ABA69EC1D5318230030ACDE /* Base */,
			);
			name = Main.storyboard;
			sourceTree = "<group>";
		};
		8ABA69F01D5318230030ACDE /* LaunchScreen.storyboard */ = {
			isa = PBXVariantGroup;
			children = (
				8ABA69F11D5318230030ACDE /* Base */,
			);
			name = LaunchScreen.storyboard;
			sourceTree = "<group>";
		};
/* End PBXVariantGroup section */

/* Begin XCBuildConfiguration section */
		8ABA6A0A1D5318230030ACDE /* Debug */ = {
			isa = XCBuildConfiguration;
			buildSettings = {
				ALWAYS_SEARCH_USER_PATHS = NO;
				CLANG_ANALYZER_NONNULL = YES;
				CLANG_CXX_LANGUAGE_STANDARD = "gnu++0x";
				CLANG_CXX_LIBRARY = "libc++";
				CLANG_ENABLE_MODULES = YES;
				CLANG_ENABLE_OBJC_ARC = YES;
				CLANG_WARN_BOOL_CONVERSION = YES;
				CLANG_WARN_CONSTANT_CONVERSION = YES;
				CLANG_WARN_DIRECT_OBJC_ISA_USAGE = YES_ERROR;
				CLANG_WARN_EMPTY_BODY = YES;
				CLANG_WARN_ENUM_CONVERSION = YES;
				CLANG_WARN_INT_CONVERSION = YES;
				CLANG_WARN_OBJC_ROOT_CLASS = YES_ERROR;
				CLANG_WARN_UNREACHABLE_CODE = YES;
				CLANG_WARN__DUPLICATE_METHOD_MATCH = YES;
				"CODE_SIGN_IDENTITY[sdk=iphoneos*]" = "iPhone Developer";
				COPY_PHASE_STRIP = NO;
				DEBUG_INFORMATION_FORMAT = dwarf;
				ENABLE_STRICT_OBJC_MSGSEND = YES;
				ENABLE_TESTABILITY = YES;
				GCC_C_LANGUAGE_STANDARD = gnu99;
				GCC_DYNAMIC_NO_PIC = NO;
				GCC_NO_COMMON_BLOCKS = YES;
				GCC_OPTIMIZATION_LEVEL = 0;
				GCC_PREPROCESSOR_DEFINITIONS = (
					"DEBUG=1",
					"$(inherited)",
				);
				GCC_WARN_64_TO_32_BIT_CONVERSION = YES;
				GCC_WARN_ABOUT_RETURN_TYPE = YES_ERROR;
				GCC_WARN_UNDECLARED_SELECTOR = YES;
				GCC_WARN_UNINITIALIZED_AUTOS = YES_AGGRESSIVE;
				GCC_WARN_UNUSED_FUNCTION = YES;
				GCC_WARN_UNUSED_VARIABLE = YES;
				IPHONEOS_DEPLOYMENT_TARGET = 9.3;
				MTL_ENABLE_DEBUG_INFO = YES;
				ONLY_ACTIVE_ARCH = YES;
				SDKROOT = iphoneos;
			};
			name = Debug;
		};
		8ABA6A0B1D5318230030ACDE /* Release */ = {
			isa = XCBuildConfiguration;
			buildSettings = {
				ALWAYS_SEARCH_USER_PATHS = NO;
				CLANG_ANALYZER_NONNULL = YES;
				CLANG_CXX_LANGUAGE_STANDARD = "gnu++0x";
				CLANG_CXX_LIBRARY = "libc++";
				CLANG_ENABLE_MODULES = YES;
				CLANG_ENABLE_OBJC_ARC = YES;
				CLANG_WARN_BOOL_CONVERSION = YES;
				CLANG_WARN_CONSTANT_CONVERSION = YES;
				CLANG_WARN_DIRECT_OBJC_ISA_USAGE = YES_ERROR;
				CLANG_WARN_EMPTY_BODY = YES;
				CLANG_WARN_ENUM_CONVERSION = YES;
				CLANG_WARN_INT_CONVERSION = YES;
				CLANG_WARN_OBJC_ROOT_CLASS = YES_ERROR;
				CLANG_WARN_UNREACHABLE_CODE = YES;
				CLANG_WARN__DUPLICATE_METHOD_MATCH = YES;
				"CODE_SIGN_IDENTITY[sdk=iphoneos*]" = "iPhone Developer";
				COPY_PHASE_STRIP = NO;
				DEBUG_INFORMATION_FORMAT = "dwarf-with-dsym";
				ENABLE_NS_ASSERTIONS = NO;
				ENABLE_STRICT_OBJC_MSGSEND = YES;
				GCC_C_LANGUAGE_STANDARD = gnu99;
				GCC_NO_COMMON_BLOCKS = YES;
				GCC_WARN_64_TO_32_BIT_CONVERSION = YES;
				GCC_WARN_ABOUT_RETURN_TYPE = YES_ERROR;
				GCC_WARN_UNDECLARED_SELECTOR = YES;
				GCC_WARN_UNINITIALIZED_AUTOS = YES_AGGRESSIVE;
				GCC_WARN_UNUSED_FUNCTION = YES;
				GCC_WARN_UNUSED_VARIABLE = YES;
				IPHONEOS_DEPLOYMENT_TARGET = 9.3;
				MTL_ENABLE_DEBUG_INFO = NO;
				SDKROOT = iphoneos;
				VALIDATE_PRODUCT = YES;
			};
			name = Release;
		};
		8ABA6A0D1D5318230030ACDE /* Debug */ = {
			isa = XCBuildConfiguration;
			buildSettings = {
				ASSETCATALOG_COMPILER_APPICON_NAME = AppIcon;
				INFOPLIST_FILE = "指纹解锁/Info.plist";
				LD_RUNPATH_SEARCH_PATHS = "$(inherited) @executable_path/Frameworks";
				PRODUCT_BUNDLE_IDENTIFIER = "com.taobaichi.----";
				PRODUCT_NAME = "$(TARGET_NAME)";
			};
			name = Debug;
		};
		8ABA6A0E1D5318230030ACDE /* Release */ = {
			isa = XCBuildConfiguration;
			buildSettings = {
				ASSETCATALOG_COMPILER_APPICON_NAME = AppIcon;
				INFOPLIST_FILE = "指纹解锁/Info.plist";
				LD_RUNPATH_SEARCH_PATHS = "$(inherited) @executable_path/Frameworks";
				PRODUCT_BUNDLE_IDENTIFIER = "com.taobaichi.----";
				PRODUCT_NAME = "$(TARGET_NAME)";
			};
			name = Release;
		};
		8ABA6A101D5318230030ACDE /* Debug */ = {
			isa = XCBuildConfiguration;
			buildSettings = {
				BUNDLE_LOADER = "$(TEST_HOST)";
				INFOPLIST_FILE = "指纹解锁Tests/Info.plist";
				LD_RUNPATH_SEARCH_PATHS = "$(inherited) @executable_path/Frameworks @loader_path/Frameworks";
				PRODUCT_BUNDLE_IDENTIFIER = "com.taobaichi.----Tests";
				PRODUCT_NAME = "$(TARGET_NAME)";
				TEST_HOST = "$(BUILT_PRODUCTS_DIR)/指纹解锁.app/指纹解锁";
			};
			name = Debug;
		};
		8ABA6A111D5318230030ACDE /* Release */ = {
			isa = XCBuildConfiguration;
			buildSettings = {
				BUNDLE_LOADER = "$(TEST_HOST)";
				INFOPLIST_FILE = "指纹解锁Tests/Info.plist";
				LD_RUNPATH_SEARCH_PATHS = "$(inherited) @executable_path/Frameworks @loader_path/Frameworks";
				PRODUCT_BUNDLE_IDENTIFIER = "com.taobaichi.----Tests";
				PRODUCT_NAME = "$(TARGET_NAME)";
				TEST_HOST = "$(BUILT_PRODUCTS_DIR)/指纹解锁.app/指纹解锁";
			};
			name = Release;
		};
		8ABA6A131D5318230030ACDE /* Debug */ = {
			isa = XCBuildConfiguration;
			buildSettings = {
				INFOPLIST_FILE = "指纹解锁UITests/Info.plist";
				LD_RUNPATH_SEARCH_PATHS = "$(inherited) @executable_path/Frameworks @loader_path/Frameworks";
				PRODUCT_BUNDLE_IDENTIFIER = "com.taobaichi.----UITests";
				PRODUCT_NAME = "$(TARGET_NAME)";
				TEST_TARGET_NAME = "指纹解锁";
			};
			name = Debug;
		};
		8ABA6A141D5318230030ACDE /* Release */ = {
			isa = XCBuildConfiguration;
			buildSettings = {
				INFOPLIST_FILE = "指纹解锁UITests/Info.plist";
				LD_RUNPATH_SEARCH_PATHS = "$(inherited) @executable_path/Frameworks @loader_path/Frameworks";
				PRODUCT_BUNDLE_IDENTIFIER = "com.taobaichi.----UITests";
				PRODUCT_NAME = "$(TARGET_NAME)";
				TEST_TARGET_NAME = "指纹解锁";
			};
			name = Release;
		};
/* End XCBuildConfiguration section */

/* Begin XCConfigurationList section */
		8ABA69DA1D5318230030ACDE /* Build configuration list for PBXProject "指纹解锁" */ = {
			isa = XCConfigurationList;
			buildConfigurations = (
				8ABA6A0A1D5318230030ACDE /* Debug */,
				8ABA6A0B1D5318230030ACDE /* Release */,
			);
			defaultConfigurationIsVisible = 0;
			defaultConfigurationName = Release;
		};
		8ABA6A0C1D5318230030ACDE /* Build configuration list for PBXNativeTarget "指纹解锁" */ = {
			isa = XCConfigurationList;
			buildConfigurations = (
				8ABA6A0D1D5318230030ACDE /* Debug */,
				8ABA6A0E1D5318230030ACDE /* Release */,
			);
			defaultConfigurationIsVisible = 0;
		};
		8ABA6A0F1D5318230030ACDE /* Build configuration list for PBXNativeTarget "指纹解锁Tests" */ = {
			isa = XCConfigurationList;
			buildConfigurations = (
				8ABA6A101D5318230030ACDE /* Debug */,
				8ABA6A111D5318230030ACDE /* Release */,
			);
			defaultConfigurationIsVisible = 0;
		};
		8ABA6A121D5318230030ACDE /* Build configuration list for PBXNativeTarget "指纹解锁UITests" */ = {
			isa = XCConfigurationList;
			buildConfigurations = (
				8ABA6A131D5318230030ACDE /* Debug */,
				8ABA6A141D5318230030ACDE /* Release */,
			);
			defaultConfigurationIsVisible = 0;
		};
/* End XCConfigurationList section */
	};
	rootObject = 8ABA69D71D5318230030ACDE /* Project object */;
}
